
Microsoft Visual Studio Solution File, Format Version 12.00
# Visual Studio Version 17
VisualStudioVersion = 17.13.35931.197 d17.13
MinimumVisualStudioVersion = 10.0.40219.1
Project("{FAE04EC0-301F-11D3-BF4B-00C04F79EFBC}") = "CSharp-Daily-5-LINQ-5-Algos", "CSharp-Daily-5-LINQ-5-Algos\CSharp-Daily-5-LINQ-5-Algos.csproj", "{ED2B328F-BEE4-4281-96C8-8805D8A0F242}"
EndProject
Global
	GlobalSection(SolutionConfigurationPlatforms) = preSolution
		Debug|Any CPU = Debug|Any CPU
		Release|Any CPU = Release|Any CPU
	EndGlobalSection
	GlobalSection(ProjectConfigurationPlatforms) = postSolution
		{ED2B328F-BEE4-4281-96C8-8805D8A0F242}.Debug|Any CPU.ActiveCfg = Debug|Any CPU
		{ED2B328F-BEE4-4281-96C8-8805D8A0F242}.Debug|Any CPU.Build.0 = Debug|Any CPU
		{ED2B328F-BEE4-4281-96C8-8805D8A0F242}.Release|Any CPU.ActiveCfg = Release|Any CPU
		{ED2B328F-BEE4-4281-96C8-8805D8A0F242}.Release|Any CPU.Build.0 = Release|Any CPU
	EndGlobalSection
	GlobalSection(SolutionProperties) = preSolution
		HideSolutionNode = FALSE
	EndGlobalSection
	GlobalSection(ExtensibilityGlobals) = postSolution
		SolutionGuid = {1AB6B283-6937-488F-9DAB-68CD274E56D7}
	EndGlobalSection
EndGlobal
